{
    __meta__ = {
        version = "1.0"
    },
    ["windows|x64"] = {
        ["cmake#31fecfc4"] = {
            repo = {
                branch = "master",
                commit = "ca283fb4846f7c16739cea080423e0ba8fac75ff",
                url = "https://gitee.com/tboox/xmake-repo.git"
            },
            version = "4.2.0"
        },
        ["glslang#330f4fa6"] = {
            repo = {
                branch = "master",
                commit = "ca283fb4846f7c16739cea080423e0ba8fac75ff",
                url = "https://gitee.com/tboox/xmake-repo.git"
            },
            version = "1.4.309+0"
        },
        ["ninja#31fecfc4"] = {
            repo = {
                branch = "master",
                commit = "ca283fb4846f7c16739cea080423e0ba8fac75ff",
                url = "https://gitee.com/tboox/xmake-repo.git"
            },
            version = "1.11.0"
        }
    }
}