{
    ["linux|x86_64"] = {
        ["cmake#f56260b5"] = {
            repo = {
                branch = "master",
                commit = "7f1a15f233762aea712a7de43193c118f7ba68ca",
                url = "https://gitee.com/tboox/xmake-repo.git"
            },
            version = "4.2.0"
        },
        ["glslang#16fb575b"] = {
            repo = {
                branch = "master",
                commit = "7f1a15f233762aea712a7de43193c118f7ba68ca",
                url = "https://gitee.com/tboox/xmake-repo.git"
            },
            version = "1.4.309+0"
        },
        ["ninja#f56260b5"] = {
            repo = {
                branch = "master",
                commit = "7f1a15f233762aea712a7de43193c118f7ba68ca",
                url = "https://gitee.com/tboox/xmake-repo.git"
            },
            version = "1.10.1"
        }
    },
    __meta__ = {
        version = "1.0"
    },
    ["windows|x64"] = {
        ["cmake#31fecfc4"] = {
            repo = {
                branch = "master",
                commit = "ca283fb4846f7c16739cea080423e0ba8fac75ff",
                url = "https://gitee.com/tboox/xmake-repo.git"
            },
            version = "4.2.0"
        },
        ["glslang#330f4fa6"] = {
            repo = {
                branch = "master",
                commit = "ca283fb4846f7c16739cea080423e0ba8fac75ff",
                url = "https://gitee.com/tboox/xmake-repo.git"
            },
            version = "1.4.309+0"
        },
        ["ninja#31fecfc4"] = {
            repo = {
                branch = "master",
                commit = "ca283fb4846f7c16739cea080423e0ba8fac75ff",
                url = "https://gitee.com/tboox/xmake-repo.git"
            },
            version = "1.11.0"
        }
    }
}